
Microsoft Visual Studio Solution File, Format Version 12.00
# Visual Studio Version 17
VisualStudioVersion = 17.3.32922.545
MinimumVisualStudioVersion = 10.0.40219.1
Project("{FAE04EC0-301F-11D3-BF4B-00C04F79EFBC}") = "TicTacToe", "TicTacToe\TicTacToe.csproj", "{0E8E4009-8484-44BA-A56F-39B8CCF01A1F}"
EndProject
Project("{FAE04EC0-301F-11D3-BF4B-00C04F79EFBC}") = "MessagePacket", "MessagePacket\MessagePacket.csproj", "{F0154FCA-9B7F-4973-BBD4-DFA61B186340}"
EndProject
Project("{FAE04EC0-301F-11D3-BF4B-00C04F79EFBC}") = "ServerTicTacToe", "ServerTicTacToe\ServerTicTacToe.csproj", "{97045918-915E-4AD2-A258-73A4883D28AA}"
EndProject
Project("{FAE04EC0-301F-11D3-BF4B-00C04F79EFBC}") = "GameDll", "GameDll\GameDll.csproj", "{174DF0F4-04D8-47D4-A533-F64D9406B432}"
EndProject
Global
	GlobalSection(SolutionConfigurationPlatforms) = preSolution
		Debug|Any CPU = Debug|Any CPU
		Release|Any CPU = Release|Any CPU
	EndGlobalSection
	GlobalSection(ProjectConfigurationPlatforms) = postSolution
		{0E8E4009-8484-44BA-A56F-39B8CCF01A1F}.Debug|Any CPU.ActiveCfg = Debug|Any CPU
		{0E8E4009-8484-44BA-A56F-39B8CCF01A1F}.Debug|Any CPU.Build.0 = Debug|Any CPU
		{0E8E4009-8484-44BA-A56F-39B8CCF01A1F}.Release|Any CPU.ActiveCfg = Release|Any CPU
		{0E8E4009-8484-44BA-A56F-39B8CCF01A1F}.Release|Any CPU.Build.0 = Release|Any CPU
		{F0154FCA-9B7F-4973-BBD4-DFA61B186340}.Debug|Any CPU.ActiveCfg = Debug|Any CPU
		{F0154FCA-9B7F-4973-BBD4-DFA61B186340}.Debug|Any CPU.Build.0 = Debug|Any CPU
		{F0154FCA-9B7F-4973-BBD4-DFA61B186340}.Release|Any CPU.ActiveCfg = Release|Any CPU
		{F0154FCA-9B7F-4973-BBD4-DFA61B186340}.Release|Any CPU.Build.0 = Release|Any CPU
		{97045918-915E-4AD2-A258-73A4883D28AA}.Debug|Any CPU.ActiveCfg = Debug|Any CPU
		{97045918-915E-4AD2-A258-73A4883D28AA}.Debug|Any CPU.Build.0 = Debug|Any CPU
		{97045918-915E-4AD2-A258-73A4883D28AA}.Release|Any CPU.ActiveCfg = Release|Any CPU
		{97045918-915E-4AD2-A258-73A4883D28AA}.Release|Any CPU.Build.0 = Release|Any CPU
		{174DF0F4-04D8-47D4-A533-F64D9406B432}.Debug|Any CPU.ActiveCfg = Debug|Any CPU
		{174DF0F4-04D8-47D4-A533-F64D9406B432}.Debug|Any CPU.Build.0 = Debug|Any CPU
		{174DF0F4-04D8-47D4-A533-F64D9406B432}.Release|Any CPU.ActiveCfg = Release|Any CPU
		{174DF0F4-04D8-47D4-A533-F64D9406B432}.Release|Any CPU.Build.0 = Release|Any CPU
	EndGlobalSection
	GlobalSection(SolutionProperties) = preSolution
		HideSolutionNode = FALSE
	EndGlobalSection
	GlobalSection(ExtensibilityGlobals) = postSolution
		SolutionGuid = {BE51DABB-436B-49E6-8E87-27E92ACDBA5F}
	EndGlobalSection
EndGlobal
